
Microsoft Visual Studio Solution File, Format Version 12.00
# Visual Studio 2013
VisualStudioVersion = 12.0.30501.0
MinimumVisualStudioVersion = 10.0.40219.1
Project("{8BC9CEB8-8B4A-11D0-8D11-00A0C91BC942}") = "Logic", "Logic\Logic.vcxproj", "{58F4754E-4696-429B-A8C1-F8AA089265A4}"
EndProject
Project("{8BC9CEB8-8B4A-11D0-8D11-00A0C91BC942}") = "Parser", "Parser\Parser.vcxproj", "{45E6554B-7189-4059-949F-B4ABE65D720B}"
EndProject
Project("{8BC9CEB8-8B4A-11D0-8D11-00A0C91BC942}") = "Storage", "Storage\Storage.vcxproj", "{DF169FB4-A944-48FC-849D-A09A016F9CEF}"
EndProject
Project("{8BC9CEB8-8B4A-11D0-8D11-00A0C91BC942}") = "Common", "Common\Common.vcxproj", "{D9509D78-9494-4917-8D40-509A6CDEC63D}"
EndProject
Project("{8BC9CEB8-8B4A-11D0-8D11-00A0C91BC942}") = "Logic_Testing", "addTaskTest\addTaskTest.vcxproj", "{D75D8D5F-31F6-4942-8AE8-FF2F45D6EB1F}"
EndProject
Project("{8BC9CEB8-8B4A-11D0-8D11-00A0C91BC942}") = "ParaList_Testing", "ParaList_Testing\ParaList_Testing.vcxproj", "{E983CEAD-1518-4995-915B-E464A81D4DD8}"
EndProject
Project("{8BC9CEB8-8B4A-11D0-8D11-00A0C91BC942}") = "tasksotongUI", "tasksotongUI\tasksotongUI.vcxproj", "{9EED76F0-0B94-4802-9418-BFE797D26C90}"
EndProject
Project("{8BC9CEB8-8B4A-11D0-8D11-00A0C91BC942}") = "Common_Testing", "Common_Testing\Common_Testing.vcxproj", "{A0FA1A02-BD2A-4AD0-A170-930FD5D015BD}"
EndProject
Project("{8BC9CEB8-8B4A-11D0-8D11-00A0C91BC942}") = "Storage_Testing", "Storage_Testing\Storage_Testing.vcxproj", "{8E31E9B2-0A42-4ACF-81F2-859DDA3F26CF}"
EndProject
Project("{8BC9CEB8-8B4A-11D0-8D11-00A0C91BC942}") = "Parser_Testing", "Parser_Testing\Parser_Testing.vcxproj", "{5245ED3C-6173-40D1-A22A-691717073322}"
EndProject
Project("{8BC9CEB8-8B4A-11D0-8D11-00A0C91BC942}") = "TaskSotong_Log", "TaskSotong_Log\TaskSotong_Log.vcxproj", "{AC2147DA-BABC-44BF-831C-0803F3B514AB}"
EndProject
Global
	GlobalSection(SolutionConfigurationPlatforms) = preSolution
		Debug|Win32 = Debug|Win32
		Release|Win32 = Release|Win32
	EndGlobalSection
	GlobalSection(ProjectConfigurationPlatforms) = postSolution
		{58F4754E-4696-429B-A8C1-F8AA089265A4}.Debug|Win32.ActiveCfg = Debug|Win32
		{58F4754E-4696-429B-A8C1-F8AA089265A4}.Debug|Win32.Build.0 = Debug|Win32
		{58F4754E-4696-429B-A8C1-F8AA089265A4}.Release|Win32.ActiveCfg = Release|Win32
		{58F4754E-4696-429B-A8C1-F8AA089265A4}.Release|Win32.Build.0 = Release|Win32
		{45E6554B-7189-4059-949F-B4ABE65D720B}.Debug|Win32.ActiveCfg = Debug|Win32
		{45E6554B-7189-4059-949F-B4ABE65D720B}.Debug|Win32.Build.0 = Debug|Win32
		{45E6554B-7189-4059-949F-B4ABE65D720B}.Release|Win32.ActiveCfg = Release|Win32
		{45E6554B-7189-4059-949F-B4ABE65D720B}.Release|Win32.Build.0 = Release|Win32
		{DF169FB4-A944-48FC-849D-A09A016F9CEF}.Debug|Win32.ActiveCfg = Debug|Win32
		{DF169FB4-A944-48FC-849D-A09A016F9CEF}.Debug|Win32.Build.0 = Debug|Win32
		{DF169FB4-A944-48FC-849D-A09A016F9CEF}.Release|Win32.ActiveCfg = Release|Win32
		{DF169FB4-A944-48FC-849D-A09A016F9CEF}.Release|Win32.Build.0 = Release|Win32
		{D9509D78-9494-4917-8D40-509A6CDEC63D}.Debug|Win32.ActiveCfg = Debug|Win32
		{D9509D78-9494-4917-8D40-509A6CDEC63D}.Debug|Win32.Build.0 = Debug|Win32
		{D9509D78-9494-4917-8D40-509A6CDEC63D}.Release|Win32.ActiveCfg = Release|Win32
		{D9509D78-9494-4917-8D40-509A6CDEC63D}.Release|Win32.Build.0 = Release|Win32
		{D75D8D5F-31F6-4942-8AE8-FF2F45D6EB1F}.Debug|Win32.ActiveCfg = Debug|Win32
		{D75D8D5F-31F6-4942-8AE8-FF2F45D6EB1F}.Debug|Win32.Build.0 = Debug|Win32
		{D75D8D5F-31F6-4942-8AE8-FF2F45D6EB1F}.Release|Win32.ActiveCfg = Release|Win32
		{D75D8D5F-31F6-4942-8AE8-FF2F45D6EB1F}.Release|Win32.Build.0 = Release|Win32
		{E983CEAD-1518-4995-915B-E464A81D4DD8}.Debug|Win32.ActiveCfg = Debug|Win32
		{E983CEAD-1518-4995-915B-E464A81D4DD8}.Debug|Win32.Build.0 = Debug|Win32
		{E983CEAD-1518-4995-915B-E464A81D4DD8}.Release|Win32.ActiveCfg = Release|Win32
		{E983CEAD-1518-4995-915B-E464A81D4DD8}.Release|Win32.Build.0 = Release|Win32
		{9EED76F0-0B94-4802-9418-BFE797D26C90}.Debug|Win32.ActiveCfg = Debug|Win32
		{9EED76F0-0B94-4802-9418-BFE797D26C90}.Debug|Win32.Build.0 = Debug|Win32
		{9EED76F0-0B94-4802-9418-BFE797D26C90}.Release|Win32.ActiveCfg = Release|Win32
		{9EED76F0-0B94-4802-9418-BFE797D26C90}.Release|Win32.Build.0 = Release|Win32
		{A0FA1A02-BD2A-4AD0-A170-930FD5D015BD}.Debug|Win32.ActiveCfg = Debug|Win32
		{A0FA1A02-BD2A-4AD0-A170-930FD5D015BD}.Debug|Win32.Build.0 = Debug|Win32
		{A0FA1A02-BD2A-4AD0-A170-930FD5D015BD}.Release|Win32.ActiveCfg = Release|Win32
		{A0FA1A02-BD2A-4AD0-A170-930FD5D015BD}.Release|Win32.Build.0 = Release|Win32
		{8E31E9B2-0A42-4ACF-81F2-859DDA3F26CF}.Debug|Win32.ActiveCfg = Debug|Win32
		{8E31E9B2-0A42-4ACF-81F2-859DDA3F26CF}.Debug|Win32.Build.0 = Debug|Win32
		{8E31E9B2-0A42-4ACF-81F2-859DDA3F26CF}.Release|Win32.ActiveCfg = Release|Win32
		{8E31E9B2-0A42-4ACF-81F2-859DDA3F26CF}.Release|Win32.Build.0 = Release|Win32
		{5245ED3C-6173-40D1-A22A-691717073322}.Debug|Win32.ActiveCfg = Debug|Win32
		{5245ED3C-6173-40D1-A22A-691717073322}.Debug|Win32.Build.0 = Debug|Win32
		{5245ED3C-6173-40D1-A22A-691717073322}.Release|Win32.ActiveCfg = Release|Win32
		{5245ED3C-6173-40D1-A22A-691717073322}.Release|Win32.Build.0 = Release|Win32
		{AC2147DA-BABC-44BF-831C-0803F3B514AB}.Debug|Win32.ActiveCfg = Debug|Win32
		{AC2147DA-BABC-44BF-831C-0803F3B514AB}.Debug|Win32.Build.0 = Debug|Win32
		{AC2147DA-BABC-44BF-831C-0803F3B514AB}.Release|Win32.ActiveCfg = Release|Win32
		{AC2147DA-BABC-44BF-831C-0803F3B514AB}.Release|Win32.Build.0 = Release|Win32
	EndGlobalSection
	GlobalSection(SolutionProperties) = preSolution
		HideSolutionNode = FALSE
	EndGlobalSection
EndGlobal
