
Microsoft Visual Studio Solution File, Format Version 12.00
# Visual Studio 2012
Project("{8BC9CEB8-8B4A-11D0-8D11-00A0C91BC942}") = "UI", "UI\UI.vcxproj", "{BED0AA4C-A846-4943-AF0C-CEC01FE3BC8F}"
EndProject
Global
	GlobalSection(SolutionConfigurationPlatforms) = preSolution
		Debug|Win32 = Debug|Win32
		Release|Win32 = Release|Win32
	EndGlobalSection
	GlobalSection(ProjectConfigurationPlatforms) = postSolution
		{BED0AA4C-A846-4943-AF0C-CEC01FE3BC8F}.Debug|Win32.ActiveCfg = Debug|Win32
		{BED0AA4C-A846-4943-AF0C-CEC01FE3BC8F}.Debug|Win32.Build.0 = Debug|Win32
		{BED0AA4C-A846-4943-AF0C-CEC01FE3BC8F}.Release|Win32.ActiveCfg = Release|Win32
		{BED0AA4C-A846-4943-AF0C-CEC01FE3BC8F}.Release|Win32.Build.0 = Release|Win32
	EndGlobalSection
	GlobalSection(SolutionProperties) = preSolution
		HideSolutionNode = FALSE
	EndGlobalSection
EndGlobal
